
Microsoft Visual Studio Solution File, Format Version 12.00
# Visual Studio 15
VisualStudioVersion = 15.0.26730.12
MinimumVisualStudioVersion = 10.0.40219.1
Project("{FAE04EC0-301F-11D3-BF4B-00C04F79EFBC}") = "TextToSpeech", "TextToSpeech\TextToSpeech.csproj", "{58FCEBCF-9239-40BD-A6A0-F55B9485A454}"
EndProject
Global
	GlobalSection(SolutionConfigurationPlatforms) = preSolution
		Debug|Any CPU = Debug|Any CPU
		Release|Any CPU = Release|Any CPU
	EndGlobalSection
	GlobalSection(ProjectConfigurationPlatforms) = postSolution
		{58FCEBCF-9239-40BD-A6A0-F55B9485A454}.Debug|Any CPU.ActiveCfg = Debug|Any CPU
		{58FCEBCF-9239-40BD-A6A0-F55B9485A454}.Debug|Any CPU.Build.0 = Debug|Any CPU
		{58FCEBCF-9239-40BD-A6A0-F55B9485A454}.Release|Any CPU.ActiveCfg = Release|Any CPU
		{58FCEBCF-9239-40BD-A6A0-F55B9485A454}.Release|Any CPU.Build.0 = Release|Any CPU
	EndGlobalSection
	GlobalSection(SolutionProperties) = preSolution
		HideSolutionNode = FALSE
	EndGlobalSection
	GlobalSection(ExtensibilityGlobals) = postSolution
		SolutionGuid = {C4F8409A-8AB0-43B9-B45E-34571E4AB852}
	EndGlobalSection
EndGlobal
